
Microsoft Visual Studio Solution File, Format Version 12.00
# Visual Studio Version 16
VisualStudioVersion = 16.0.31112.23
MinimumVisualStudioVersion = 10.0.40219.1
Project("{FAE04EC0-301F-11D3-BF4B-00C04F79EFBC}") = "WebTrabajadoresPrueba", "WebTrabajadoresPrueba.csproj", "{4F71F5C1-C6F6-4F22-AA1B-FC77B05D31AB}"
EndProject
Global
	GlobalSection(SolutionConfigurationPlatforms) = preSolution
		Debug|Any CPU = Debug|Any CPU
		Release|Any CPU = Release|Any CPU
	EndGlobalSection
	GlobalSection(ProjectConfigurationPlatforms) = postSolution
		{4F71F5C1-C6F6-4F22-AA1B-FC77B05D31AB}.Debug|Any CPU.ActiveCfg = Debug|Any CPU
		{4F71F5C1-C6F6-4F22-AA1B-FC77B05D31AB}.Debug|Any CPU.Build.0 = Debug|Any CPU
		{4F71F5C1-C6F6-4F22-AA1B-FC77B05D31AB}.Release|Any CPU.ActiveCfg = Release|Any CPU
		{4F71F5C1-C6F6-4F22-AA1B-FC77B05D31AB}.Release|Any CPU.Build.0 = Release|Any CPU
	EndGlobalSection
	GlobalSection(SolutionProperties) = preSolution
		HideSolutionNode = FALSE
	EndGlobalSection
	GlobalSection(ExtensibilityGlobals) = postSolution
		SolutionGuid = {26EA241F-32B2-4812-901F-CFD35B54DB41}
	EndGlobalSection
EndGlobal
